
Microsoft Visual Studio Solution File, Format Version 12.00
# Visual Studio Version 17
VisualStudioVersion = 17.13.35913.81 d17.13
MinimumVisualStudioVersion = 10.0.40219.1
Project("{FAE04EC0-301F-11D3-BF4B-00C04F79EFBC}") = "no", "no\no.csproj", "{45A19FB9-2F5C-47BC-A946-D461743BE121}"
EndProject
Global
	GlobalSection(SolutionConfigurationPlatforms) = preSolution
		Debug|Any CPU = Debug|Any CPU
		Release|Any CPU = Release|Any CPU
	EndGlobalSection
	GlobalSection(ProjectConfigurationPlatforms) = postSolution
		{45A19FB9-2F5C-47BC-A946-D461743BE121}.Debug|Any CPU.ActiveCfg = Debug|Any CPU
		{45A19FB9-2F5C-47BC-A946-D461743BE121}.Debug|Any CPU.Build.0 = Debug|Any CPU
		{45A19FB9-2F5C-47BC-A946-D461743BE121}.Release|Any CPU.ActiveCfg = Release|Any CPU
		{45A19FB9-2F5C-47BC-A946-D461743BE121}.Release|Any CPU.Build.0 = Release|Any CPU
	EndGlobalSection
	GlobalSection(SolutionProperties) = preSolution
		HideSolutionNode = FALSE
	EndGlobalSection
	GlobalSection(ExtensibilityGlobals) = postSolution
		SolutionGuid = {F476586A-8A39-4A59-92B2-10D2B724B39F}
	EndGlobalSection
EndGlobal
